// !$*UTF8*$!
{
	archiveVersion = 1;
	classes = {
	};
	objectVersion = 56;
	objects = {

/* Begin PBXBuildFile section */
		497E54F62A83B8E500989D32 /* GitHubActionsApp.swift in Sources */ = {isa = PBXBuildFile; fileRef = 497E54F52A83B8E500989D32 /* GitHubActionsApp.swift */; };
		497E54F82A83B8E500989D32 /* ContentView.swift in Sources */ = {isa = PBXBuildFile; fileRef = 497E54F72A83B8E500989D32 /* ContentView.swift */; };
		497E54FA2A83B8E600989D32 /* Assets.xcassets in Resources */ = {isa = PBXBuildFile; fileRef = 497E54F92A83B8E600989D32 /* Assets.xcassets */; };
		497E54FD2A83B8E600989D32 /* Preview Assets.xcassets in Resources */ = {isa = PBXBuildFile; fileRef = 497E54FC2A83B8E600989D32 /* Preview Assets.xcassets */; };
		497E55072A83B8E600989D32 /* GitHubActionsTests.swift in Sources */ = {isa = PBXBuildFile; fileRef = 497E55062A83B8E600989D32 /* GitHubActionsTests.swift */; };
		497E55112A83B8E600989D32 /* GitHubActionsUITests.swift in Sources */ = {isa = PBXBuildFile; fileRef = 497E55102A83B8E600989D32 /* GitHubActionsUITests.swift */; };
		497E55132A83B8E600989D32 /* GitHubActionsUITestsLaunchTests.swift in Sources */ = {isa = PBXBuildFile; fileRef = 497E55122A83B8E600989D32 /* GitHubActionsUITestsLaunchTests.swift */; };
/* End PBXBuildFile section */

/* Begin PBXContainerItemProxy section */
		497E55032A83B8E600989D32 /* PBXContainerItemProxy */ = {
			isa = PBXContainerItemProxy;
			containerPortal = 497E54EA2A83B8E500989D32 /* Project object */;
			proxyType = 1;
			remoteGlobalIDString = 497E54F12A83B8E500989D32;
			remoteInfo = GitHubActions;
		};
		497E550D2A83B8E600989D32 /* PBXContainerItemProxy */ = {
			isa = PBXContainerItemProxy;
			containerPortal = 497E54EA2A83B8E500989D32 /* Project object */;
			proxyType = 1;
			remoteGlobalIDString = 497E54F12A83B8E500989D32;
			remoteInfo = GitHubActions;
		};
/* End PBXContainerItemProxy section */

/* Begin PBXFileReference section */
		497E54F22A83B8E500989D32 /* GitHubActions.app */ = {isa = PBXFileReference; explicitFileType = wrapper.application; includeInIndex = 0; path = GitHubActions.app; sourceTree = BUILT_PRODUCTS_DIR; };
		497E54F52A83B8E500989D32 /* GitHubActionsApp.swift */ = {isa = PBXFileReference; lastKnownFileType = sourcecode.swift; path = GitHubActionsApp.swift; sourceTree = "<group>"; };
		497E54F72A83B8E500989D32 /* ContentView.swift */ = {isa = PBXFileReference; lastKnownFileType = sourcecode.swift; path = ContentView.swift; sourceTree = "<group>"; };
		497E54F92A83B8E600989D32 /* Assets.xcassets */ = {isa = PBXFileReference; lastKnownFileType = folder.assetcatalog; path = Assets.xcassets; sourceTree = "<group>"; };
		497E54FC2A83B8E600989D32 /* Preview Assets.xcassets */ = {isa = PBXFileReference; lastKnownFileType = folder.assetcatalog; path = "Preview Assets.xcassets"; sourceTree = "<group>"; };
		497E55022A83B8E600989D32 /* GitHubActionsTests.xctest */ = {isa = PBXFileReference; explicitFileType = wrapper.cfbundle; includeInIndex = 0; path = GitHubActionsTests.xctest; sourceTree = BUILT_PRODUCTS_DIR; };
		497E55062A83B8E600989D32 /* GitHubActionsTests.swift */ = {isa = PBXFileReference; lastKnownFileType = sourcecode.swift; path = GitHubActionsTests.swift; sourceTree = "<group>"; };
		497E550C2A83B8E600989D32 /* GitHubActionsUITests.xctest */ = {isa = PBXFileReference; explicitFileType = wrapper.cfbundle; includeInIndex = 0; path = GitHubActionsUITests.xctest; sourceTree = BUILT_PRODUCTS_DIR; };
		497E55102A83B8E600989D32 /* GitHubActionsUITests.swift */ = {isa = PBXFileReference; lastKnownFileType = sourcecode.swift; path = GitHubActionsUITests.swift; sourceTree = "<group>"; };
		497E55122A83B8E600989D32 /* GitHubActionsUITestsLaunchTests.swift */ = {isa = PBXFileReference; lastKnownFileType = sourcecode.swift; path = GitHubActionsUITestsLaunchTests.swift; sourceTree = "<group>"; };
/* End PBXFileReference section */

/* Begin PBXFrameworksBuildPhase section */
		497E54EF2A83B8E500989D32 /* Frameworks */ = {
			isa = PBXFrameworksBuildPhase;
			buildActionMask = 2147483647;
			files = (
			);
			runOnlyForDeploymentPostprocessing = 0;
		};
		497E54FF2A83B8E600989D32 /* Frameworks */ = {
			isa = PBXFrameworksBuildPhase;
			buildActionMask = 2147483647;
			files = (
			);
			runOnlyForDeploymentPostprocessing = 0;
		};
		497E55092A83B8E600989D32 /* Frameworks */ = {
			isa = PBXFrameworksBuildPhase;
			buildActionMask = 2147483647;
			files = (
			);
			runOnlyForDeploymentPostprocessing = 0;
		};
/* End PBXFrameworksBuildPhase section */

/* Begin PBXGroup section */
		497E54E92A83B8E500989D32 = {
			isa = PBXGroup;
			children = (
				497E54F42A83B8E500989D32 /* GitHubActions */,
				497E55052A83B8E600989D32 /* GitHubActionsTests */,
				497E550F2A83B8E600989D32 /* GitHubActionsUITests */,
				497E54F32A83B8E500989D32 /* Products */,
			);
			sourceTree = "<group>";
		};
		497E54F32A83B8E500989D32 /* Products */ = {
			isa = PBXGroup;
			children = (
				497E54F22A83B8E500989D32 /* GitHubActions.app */,
				497E55022A83B8E600989D32 /* GitHubActionsTests.xctest */,
				497E550C2A83B8E600989D32 /* GitHubActionsUITests.xctest */,
			);
			name = Products;
			sourceTree = "<group>";
		};
		497E54F42A83B8E500989D32 /* GitHubActions */ = {
			isa = PBXGroup;
			children = (
				497E54F52A83B8E500989D32 /* GitHubActionsApp.swift */,
				497E54F72A83B8E500989D32 /* ContentView.swift */,
				497E54F92A83B8E600989D32 /* Assets.xcassets */,
				497E54FB2A83B8E600989D32 /* Preview Content */,
			);
			path = GitHubActions;
			sourceTree = "<group>";
		};
		497E54FB2A83B8E600989D32 /* Preview Content */ = {
			isa = PBXGroup;
			children = (
				497E54FC2A83B8E600989D32 /* Preview Assets.xcassets */,
			);
			path = "Preview Content";
			sourceTree = "<group>";
		};
		497E55052A83B8E600989D32 /* GitHubActionsTests */ = {
			isa = PBXGroup;
			children = (
				497E55062A83B8E600989D32 /* GitHubActionsTests.swift */,
			);
			path = GitHubActionsTests;
			sourceTree = "<group>";
		};
		497E550F2A83B8E600989D32 /* GitHubActionsUITests */ = {
			isa = PBXGroup;
			children = (
				497E55102A83B8E600989D32 /* GitHubActionsUITests.swift */,
				497E55122A83B8E600989D32 /* GitHubActionsUITestsLaunchTests.swift */,
			);
			path = GitHubActionsUITests;
			sourceTree = "<group>";
		};
/* End PBXGroup section */

/* Begin PBXNativeTarget section */
		497E54F12A83B8E500989D32 /* GitHubActions */ = {
			isa = PBXNativeTarget;
			buildConfigurationList = 497E55162A83B8E600989D32 /* Build configuration list for PBXNativeTarget "GitHubActions" */;
			buildPhases = (
				497E54EE2A83B8E500989D32 /* Sources */,
				497E54EF2A83B8E500989D32 /* Frameworks */,
				497E54F02A83B8E500989D32 /* Resources */,
			);
			buildRules = (
			);
			dependencies = (
			);
			name = GitHubActions;
			productName = GitHubActions;
			productReference = 497E54F22A83B8E500989D32 /* GitHubActions.app */;
			productType = "com.apple.product-type.application";
		};
		497E55012A83B8E600989D32 /* GitHubActionsTests */ = {
			isa = PBXNativeTarget;
			buildConfigurationList = 497E55192A83B8E600989D32 /* Build configuration list for PBXNativeTarget "GitHubActionsTests" */;
			buildPhases = (
				497E54FE2A83B8E600989D32 /* Sources */,
				497E54FF2A83B8E600989D32 /* Frameworks */,
				497E55002A83B8E600989D32 /* Resources */,
			);
			buildRules = (
			);
			dependencies = (
				497E55042A83B8E600989D32 /* PBXTargetDependency */,
			);
			name = GitHubActionsTests;
			productName = GitHubActionsTests;
			productReference = 497E55022A83B8E600989D32 /* GitHubActionsTests.xctest */;
			productType = "com.apple.product-type.bundle.unit-test";
		};
		497E550B2A83B8E600989D32 /* GitHubActionsUITests */ = {
			isa = PBXNativeTarget;
			buildConfigurationList = 497E551C2A83B8E600989D32 /* Build configuration list for PBXNativeTarget "GitHubActionsUITests" */;
			buildPhases = (
				497E55082A83B8E600989D32 /* Sources */,
				497E55092A83B8E600989D32 /* Frameworks */,
				497E550A2A83B8E600989D32 /* Resources */,
			);
			buildRules = (
			);
			dependencies = (
				497E550E2A83B8E600989D32 /* PBXTargetDependency */,
			);
			name = GitHubActionsUITests;
			productName = GitHubActionsUITests;
			productReference = 497E550C2A83B8E600989D32 /* GitHubActionsUITests.xctest */;
			productType = "com.apple.product-type.bundle.ui-testing";
		};
/* End PBXNativeTarget section */

/* Begin PBXProject section */
		497E54EA2A83B8E500989D32 /* Project object */ = {
			isa = PBXProject;
			attributes = {
				BuildIndependentTargetsInParallel = 1;
				LastSwiftUpdateCheck = 1430;
				LastUpgradeCheck = 1430;
				TargetAttributes = {
					497E54F12A83B8E500989D32 = {
						CreatedOnToolsVersion = 14.3.1;
					};
					497E55012A83B8E600989D32 = {
						CreatedOnToolsVersion = 14.3.1;
						TestTargetID = 497E54F12A83B8E500989D32;
					};
					497E550B2A83B8E600989D32 = {
						CreatedOnToolsVersion = 14.3.1;
						TestTargetID = 497E54F12A83B8E500989D32;
					};
				};
			};
			buildConfigurationList = 497E54ED2A83B8E500989D32 /* Build configuration list for PBXProject "GitHubActions" */;
			compatibilityVersion = "Xcode 14.0";
			developmentRegion = en;
			hasScannedForEncodings = 0;
			knownRegions = (
				en,
				Base,
			);
			mainGroup = 497E54E92A83B8E500989D32;
			productRefGroup = 497E54F32A83B8E500989D32 /* Products */;
			projectDirPath = "";
			projectRoot = "";
			targets = (
				497E54F12A83B8E500989D32 /* GitHubActions */,
				497E55012A83B8E600989D32 /* GitHubActionsTests */,
				497E550B2A83B8E600989D32 /* GitHubActionsUITests */,
			);
		};
/* End PBXProject section */

/* Begin PBXResourcesBuildPhase section */
		497E54F02A83B8E500989D32 /* Resources */ = {
			isa = PBXResourcesBuildPhase;
			buildActionMask = 2147483647;
			files = (
				497E54FD2A83B8E600989D32 /* Preview Assets.xcassets in Resources */,
				497E54FA2A83B8E600989D32 /* Assets.xcassets in Resources */,
			);
			runOnlyForDeploymentPostprocessing = 0;
		};
		497E55002A83B8E600989D32 /* Resources */ = {
			isa = PBXResourcesBuildPhase;
			buildActionMask = 2147483647;
			files = (
			);
			runOnlyForDeploymentPostprocessing = 0;
		};
		497E550A2A83B8E600989D32 /* Resources */ = {
			isa = PBXResourcesBuildPhase;
			buildActionMask = 2147483647;
			files = (
			);
			runOnlyForDeploymentPostprocessing = 0;
		};
/* End PBXResourcesBuildPhase section */

/* Begin PBXSourcesBuildPhase section */
		497E54EE2A83B8E500989D32 /* Sources */ = {
			isa = PBXSourcesBuildPhase;
			buildActionMask = 2147483647;
			files = (
				497E54F82A83B8E500989D32 /* ContentView.swift in Sources */,
				497E54F62A83B8E500989D32 /* GitHubActionsApp.swift in Sources */,
			);
			runOnlyForDeploymentPostprocessing = 0;
		};
		497E54FE2A83B8E600989D32 /* Sources */ = {
			isa = PBXSourcesBuildPhase;
			buildActionMask = 2147483647;
			files = (
				497E55072A83B8E600989D32 /* GitHubActionsTests.swift in Sources */,
			);
			runOnlyForDeploymentPostprocessing = 0;
		};
		497E55082A83B8E600989D32 /* Sources */ = {
			isa = PBXSourcesBuildPhase;
			buildActionMask = 2147483647;
			files = (
				497E55112A83B8E600989D32 /* GitHubActionsUITests.swift in Sources */,
				497E55132A83B8E600989D32 /* GitHubActionsUITestsLaunchTests.swift in Sources */,
			);
			runOnlyForDeploymentPostprocessing = 0;
		};
/* End PBXSourcesBuildPhase section */

/* Begin PBXTargetDependency section */
		497E55042A83B8E600989D32 /* PBXTargetDependency */ = {
			isa = PBXTargetDependency;
			target = 497E54F12A83B8E500989D32 /* GitHubActions */;
			targetProxy = 497E55032A83B8E600989D32 /* PBXContainerItemProxy */;
		};
		497E550E2A83B8E600989D32 /* PBXTargetDependency */ = {
			isa = PBXTargetDependency;
			target = 497E54F12A83B8E500989D32 /* GitHubActions */;
			targetProxy = 497E550D2A83B8E600989D32 /* PBXContainerItemProxy */;
		};
/* End PBXTargetDependency section */

/* Begin XCBuildConfiguration section */
		497E55142A83B8E600989D32 /* Debug */ = {
			isa = XCBuildConfiguration;
			buildSettings = {
				ALWAYS_SEARCH_USER_PATHS = NO;
				CLANG_ANALYZER_NONNULL = YES;
				CLANG_ANALYZER_NUMBER_OBJECT_CONVERSION = YES_AGGRESSIVE;
				CLANG_CXX_LANGUAGE_STANDARD = "gnu++20";
				CLANG_ENABLE_MODULES = YES;
				CLANG_ENABLE_OBJC_ARC = YES;
				CLANG_ENABLE_OBJC_WEAK = YES;
				CLANG_WARN_BLOCK_CAPTURE_AUTORELEASING = YES;
				CLANG_WARN_BOOL_CONVERSION = YES;
				CLANG_WARN_COMMA = YES;
				CLANG_WARN_CONSTANT_CONVERSION = YES;
				CLANG_WARN_DEPRECATED_OBJC_IMPLEMENTATIONS = YES;
				CLANG_WARN_DIRECT_OBJC_ISA_USAGE = YES_ERROR;
				CLANG_WARN_DOCUMENTATION_COMMENTS = YES;
				CLANG_WARN_EMPTY_BODY = YES;
				CLANG_WARN_ENUM_CONVERSION = YES;
				CLANG_WARN_INFINITE_RECURSION = YES;
				CLANG_WARN_INT_CONVERSION = YES;
				CLANG_WARN_NON_LITERAL_NULL_CONVERSION = YES;
				CLANG_WARN_OBJC_IMPLICIT_RETAIN_SELF = YES;
				CLANG_WARN_OBJC_LITERAL_CONVERSION = YES;
				CLANG_WARN_OBJC_ROOT_CLASS = YES_ERROR;
				CLANG_WARN_QUOTED_INCLUDE_IN_FRAMEWORK_HEADER = YES;
				CLANG_WARN_RANGE_LOOP_ANALYSIS = YES;
				CLANG_WARN_STRICT_PROTOTYPES = YES;
				CLANG_WARN_SUSPICIOUS_MOVE = YES;
				CLANG_WARN_UNGUARDED_AVAILABILITY = YES_AGGRESSIVE;
				CLANG_WARN_UNREACHABLE_CODE = YES;
				CLANG_WARN__DUPLICATE_METHOD_MATCH = YES;
				COPY_PHASE_STRIP = NO;
				DEBUG_INFORMATION_FORMAT = dwarf;
				ENABLE_STRICT_OBJC_MSGSEND = YES;
				ENABLE_TESTABILITY = YES;
				GCC_C_LANGUAGE_STANDARD = gnu11;
				GCC_DYNAMIC_NO_PIC = NO;
				GCC_NO_COMMON_BLOCKS = YES;
				GCC_OPTIMIZATION_LEVEL = 0;
				GCC_PREPROCESSOR_DEFINITIONS = (
					"DEBUG=1",
					"$(inherited)",
				);
				GCC_WARN_64_TO_32_BIT_CONVERSION = YES;
				GCC_WARN_ABOUT_RETURN_TYPE = YES_ERROR;
				GCC_WARN_UNDECLARED_SELECTOR = YES;
				GCC_WARN_UNINITIALIZED_AUTOS = YES_AGGRESSIVE;
				GCC_WARN_UNUSED_FUNCTION = YES;
				GCC_WARN_UNUSED_VARIABLE = YES;
				IPHONEOS_DEPLOYMENT_TARGET = 16.4;
				MTL_ENABLE_DEBUG_INFO = INCLUDE_SOURCE;
				MTL_FAST_MATH = YES;
				ONLY_ACTIVE_ARCH = YES;
				SDKROOT = iphoneos;
				SWIFT_ACTIVE_COMPILATION_CONDITIONS = DEBUG;
				SWIFT_OPTIMIZATION_LEVEL = "-Onone";
			};
			name = Debug;
		};
		497E55152A83B8E600989D32 /* Release */ = {
			isa = XCBuildConfiguration;
			buildSettings = {
				ALWAYS_SEARCH_USER_PATHS = NO;
				CLANG_ANALYZER_NONNULL = YES;
				CLANG_ANALYZER_NUMBER_OBJECT_CONVERSION = YES_AGGRESSIVE;
				CLANG_CXX_LANGUAGE_STANDARD = "gnu++20";
				CLANG_ENABLE_MODULES = YES;
				CLANG_ENABLE_OBJC_ARC = YES;
				CLANG_ENABLE_OBJC_WEAK = YES;
				CLANG_WARN_BLOCK_CAPTURE_AUTORELEASING = YES;
				CLANG_WARN_BOOL_CONVERSION = YES;
				CLANG_WARN_COMMA = YES;
				CLANG_WARN_CONSTANT_CONVERSION = YES;
				CLANG_WARN_DEPRECATED_OBJC_IMPLEMENTATIONS = YES;
				CLANG_WARN_DIRECT_OBJC_ISA_USAGE = YES_ERROR;
				CLANG_WARN_DOCUMENTATION_COMMENTS = YES;
				CLANG_WARN_EMPTY_BODY = YES;
				CLANG_WARN_ENUM_CONVERSION = YES;
				CLANG_WARN_INFINITE_RECURSION = YES;
				CLANG_WARN_INT_CONVERSION = YES;
				CLANG_WARN_NON_LITERAL_NULL_CONVERSION = YES;
				CLANG_WARN_OBJC_IMPLICIT_RETAIN_SELF = YES;
				CLANG_WARN_OBJC_LITERAL_CONVERSION = YES;
				CLANG_WARN_OBJC_ROOT_CLASS = YES_ERROR;
				CLANG_WARN_QUOTED_INCLUDE_IN_FRAMEWORK_HEADER = YES;
				CLANG_WARN_RANGE_LOOP_ANALYSIS = YES;
				CLANG_WARN_STRICT_PROTOTYPES = YES;
				CLANG_WARN_SUSPICIOUS_MOVE = YES;
				CLANG_WARN_UNGUARDED_AVAILABILITY = YES_AGGRESSIVE;
				CLANG_WARN_UNREACHABLE_CODE = YES;
				CLANG_WARN__DUPLICATE_METHOD_MATCH = YES;
				COPY_PHASE_STRIP = NO;
				DEBUG_INFORMATION_FORMAT = "dwarf-with-dsym";
				ENABLE_NS_ASSERTIONS = NO;
				ENABLE_STRICT_OBJC_MSGSEND = YES;
				GCC_C_LANGUAGE_STANDARD = gnu11;
				GCC_NO_COMMON_BLOCKS = YES;
				GCC_WARN_64_TO_32_BIT_CONVERSION = YES;
				GCC_WARN_ABOUT_RETURN_TYPE = YES_ERROR;
				GCC_WARN_UNDECLARED_SELECTOR = YES;
				GCC_WARN_UNINITIALIZED_AUTOS = YES_AGGRESSIVE;
				GCC_WARN_UNUSED_FUNCTION = YES;
				GCC_WARN_UNUSED_VARIABLE = YES;
				IPHONEOS_DEPLOYMENT_TARGET = 16.4;
				MTL_ENABLE_DEBUG_INFO = NO;
				MTL_FAST_MATH = YES;
				SDKROOT = iphoneos;
				SWIFT_COMPILATION_MODE = wholemodule;
				SWIFT_OPTIMIZATION_LEVEL = "-O";
				VALIDATE_PRODUCT = YES;
			};
			name = Release;
		};
		497E55172A83B8E600989D32 /* Debug */ = {
			isa = XCBuildConfiguration;
			buildSettings = {
				ASSETCATALOG_COMPILER_APPICON_NAME = AppIcon;
				ASSETCATALOG_COMPILER_GLOBAL_ACCENT_COLOR_NAME = AccentColor;
				CODE_SIGN_STYLE = Automatic;
				CURRENT_PROJECT_VERSION = 1;
				DEVELOPMENT_ASSET_PATHS = "\"GitHubActions/Preview Content\"";
				DEVELOPMENT_TEAM = 3S22856DS9;
				ENABLE_PREVIEWS = YES;
				GENERATE_INFOPLIST_FILE = YES;
				INFOPLIST_KEY_UIApplicationSceneManifest_Generation = YES;
				INFOPLIST_KEY_UIApplicationSupportsIndirectInputEvents = YES;
				INFOPLIST_KEY_UILaunchScreen_Generation = YES;
				INFOPLIST_KEY_UISupportedInterfaceOrientations_iPad = "UIInterfaceOrientationPortrait UIInterfaceOrientationPortraitUpsideDown UIInterfaceOrientationLandscapeLeft UIInterfaceOrientationLandscapeRight";
				INFOPLIST_KEY_UISupportedInterfaceOrientations_iPhone = "UIInterfaceOrientationPortrait UIInterfaceOrientationLandscapeLeft UIInterfaceOrientationLandscapeRight";
				LD_RUNPATH_SEARCH_PATHS = (
					"$(inherited)",
					"@executable_path/Frameworks",
				);
				MARKETING_VERSION = 1.0;
				PRODUCT_BUNDLE_IDENTIFIER = swift.GitHubActions;
				PRODUCT_NAME = "$(TARGET_NAME)";
				SWIFT_EMIT_LOC_STRINGS = YES;
				SWIFT_VERSION = 5.0;
				TARGETED_DEVICE_FAMILY = "1,2";
			};
			name = Debug;
		};
		497E55182A83B8E600989D32 /* Release */ = {
			isa = XCBuildConfiguration;
			buildSettings = {
				ASSETCATALOG_COMPILER_APPICON_NAME = AppIcon;
				ASSETCATALOG_COMPILER_GLOBAL_ACCENT_COLOR_NAME = AccentColor;
				CODE_SIGN_STYLE = Automatic;
				CURRENT_PROJECT_VERSION = 1;
				DEVELOPMENT_ASSET_PATHS = "\"GitHubActions/Preview Content\"";
				DEVELOPMENT_TEAM = 3S22856DS9;
				ENABLE_PREVIEWS = YES;
				GENERATE_INFOPLIST_FILE = YES;
				INFOPLIST_KEY_UIApplicationSceneManifest_Generation = YES;
				INFOPLIST_KEY_UIApplicationSupportsIndirectInputEvents = YES;
				INFOPLIST_KEY_UILaunchScreen_Generation = YES;
				INFOPLIST_KEY_UISupportedInterfaceOrientations_iPad = "UIInterfaceOrientationPortrait UIInterfaceOrientationPortraitUpsideDown UIInterfaceOrientationLandscapeLeft UIInterfaceOrientationLandscapeRight";
				INFOPLIST_KEY_UISupportedInterfaceOrientations_iPhone = "UIInterfaceOrientationPortrait UIInterfaceOrientationLandscapeLeft UIInterfaceOrientationLandscapeRight";
				LD_RUNPATH_SEARCH_PATHS = (
					"$(inherited)",
					"@executable_path/Frameworks",
				);
				MARKETING_VERSION = 1.0;
				PRODUCT_BUNDLE_IDENTIFIER = swift.GitHubActions;
				PRODUCT_NAME = "$(TARGET_NAME)";
				SWIFT_EMIT_LOC_STRINGS = YES;
				SWIFT_VERSION = 5.0;
				TARGETED_DEVICE_FAMILY = "1,2";
			};
			name = Release;
		};
		497E551A2A83B8E600989D32 /* Debug */ = {
			isa = XCBuildConfiguration;
			buildSettings = {
				ALWAYS_EMBED_SWIFT_STANDARD_LIBRARIES = YES;
				BUNDLE_LOADER = "$(TEST_HOST)";
				CODE_SIGN_STYLE = Automatic;
				CURRENT_PROJECT_VERSION = 1;
				DEVELOPMENT_TEAM = 3S22856DS9;
				GENERATE_INFOPLIST_FILE = YES;
				IPHONEOS_DEPLOYMENT_TARGET = 16.4;
				MARKETING_VERSION = 1.0;
				PRODUCT_BUNDLE_IDENTIFIER = swift.GitHubActionsTests;
				PRODUCT_NAME = "$(TARGET_NAME)";
				SWIFT_EMIT_LOC_STRINGS = NO;
				SWIFT_VERSION = 5.0;
				TARGETED_DEVICE_FAMILY = "1,2";
				TEST_HOST = "$(BUILT_PRODUCTS_DIR)/GitHubActions.app/$(BUNDLE_EXECUTABLE_FOLDER_PATH)/GitHubActions";
			};
			name = Debug;
		};
		497E551B2A83B8E600989D32 /* Release */ = {
			isa = XCBuildConfiguration;
			buildSettings = {
				ALWAYS_EMBED_SWIFT_STANDARD_LIBRARIES = YES;
				BUNDLE_LOADER = "$(TEST_HOST)";
				CODE_SIGN_STYLE = Automatic;
				CURRENT_PROJECT_VERSION = 1;
				DEVELOPMENT_TEAM = 3S22856DS9;
				GENERATE_INFOPLIST_FILE = YES;
				IPHONEOS_DEPLOYMENT_TARGET = 16.4;
				MARKETING_VERSION = 1.0;
				PRODUCT_BUNDLE_IDENTIFIER = swift.GitHubActionsTests;
				PRODUCT_NAME = "$(TARGET_NAME)";
				SWIFT_EMIT_LOC_STRINGS = NO;
				SWIFT_VERSION = 5.0;
				TARGETED_DEVICE_FAMILY = "1,2";
				TEST_HOST = "$(BUILT_PRODUCTS_DIR)/GitHubActions.app/$(BUNDLE_EXECUTABLE_FOLDER_PATH)/GitHubActions";
			};
			name = Release;
		};
		497E551D2A83B8E600989D32 /* Debug */ = {
			isa = XCBuildConfiguration;
			buildSettings = {
				ALWAYS_EMBED_SWIFT_STANDARD_LIBRARIES = YES;
				CODE_SIGN_STYLE = Automatic;
				CURRENT_PROJECT_VERSION = 1;
				DEVELOPMENT_TEAM = 3S22856DS9;
				GENERATE_INFOPLIST_FILE = YES;
				MARKETING_VERSION = 1.0;
				PRODUCT_BUNDLE_IDENTIFIER = swift.GitHubActionsUITests;
				PRODUCT_NAME = "$(TARGET_NAME)";
				SWIFT_EMIT_LOC_STRINGS = NO;
				SWIFT_VERSION = 5.0;
				TARGETED_DEVICE_FAMILY = "1,2";
				TEST_TARGET_NAME = GitHubActions;
			};
			name = Debug;
		};
		497E551E2A83B8E600989D32 /* Release */ = {
			isa = XCBuildConfiguration;
			buildSettings = {
				ALWAYS_EMBED_SWIFT_STANDARD_LIBRARIES = YES;
				CODE_SIGN_STYLE = Automatic;
				CURRENT_PROJECT_VERSION = 1;
				DEVELOPMENT_TEAM = 3S22856DS9;
				GENERATE_INFOPLIST_FILE = YES;
				MARKETING_VERSION = 1.0;
				PRODUCT_BUNDLE_IDENTIFIER = swift.GitHubActionsUITests;
				PRODUCT_NAME = "$(TARGET_NAME)";
				SWIFT_EMIT_LOC_STRINGS = NO;
				SWIFT_VERSION = 5.0;
				TARGETED_DEVICE_FAMILY = "1,2";
				TEST_TARGET_NAME = GitHubActions;
			};
			name = Release;
		};
/* End XCBuildConfiguration section */

/* Begin XCConfigurationList section */
		497E54ED2A83B8E500989D32 /* Build configuration list for PBXProject "GitHubActions" */ = {
			isa = XCConfigurationList;
			buildConfigurations = (
				497E55142A83B8E600989D32 /* Debug */,
				497E55152A83B8E600989D32 /* Release */,
			);
			defaultConfigurationIsVisible = 0;
			defaultConfigurationName = Release;
		};
		497E55162A83B8E600989D32 /* Build configuration list for PBXNativeTarget "GitHubActions" */ = {
			isa = XCConfigurationList;
			buildConfigurations = (
				497E55172A83B8E600989D32 /* Debug */,
				497E55182A83B8E600989D32 /* Release */,
			);
			defaultConfigurationIsVisible = 0;
			defaultConfigurationName = Release;
		};
		497E55192A83B8E600989D32 /* Build configuration list for PBXNativeTarget "GitHubActionsTests" */ = {
			isa = XCConfigurationList;
			buildConfigurations = (
				497E551A2A83B8E600989D32 /* Debug */,
				497E551B2A83B8E600989D32 /* Release */,
			);
			defaultConfigurationIsVisible = 0;
			defaultConfigurationName = Release;
		};
		497E551C2A83B8E600989D32 /* Build configuration list for PBXNativeTarget "GitHubActionsUITests" */ = {
			isa = XCConfigurationList;
			buildConfigurations = (
				497E551D2A83B8E600989D32 /* Debug */,
				497E551E2A83B8E600989D32 /* Release */,
			);
			defaultConfigurationIsVisible = 0;
			defaultConfigurationName = Release;
		};
/* End XCConfigurationList section */
	};
	rootObject = 497E54EA2A83B8E500989D32 /* Project object */;
}
